
Microsoft Visual Studio Solution File, Format Version 12.00
# Visual Studio 15
VisualStudioVersion = 15.0.26228.9
MinimumVisualStudioVersion = 10.0.40219.1
Project("{FAE04EC0-301F-11D3-BF4B-00C04F79EFBC}") = "Lambada", "Lambada\Lambada.csproj", "{F793BF44-B6AE-4221-B35D-EE63480990A0}"
EndProject
Project("{FAE04EC0-301F-11D3-BF4B-00C04F79EFBC}") = "OrderingBankSystem", "OrderingBankSystem\OrderingBankSystem.csproj", "{A60ABF47-F91E-4FB9-8C69-96FCE7D79720}"
EndProject
Project("{FAE04EC0-301F-11D3-BF4B-00C04F79EFBC}") = "test", "test\test.csproj", "{1EF7B9DD-F08F-4834-BA87-16CE2FD826FE}"
EndProject
Global
	GlobalSection(SolutionConfigurationPlatforms) = preSolution
		Debug|Any CPU = Debug|Any CPU
		Release|Any CPU = Release|Any CPU
	EndGlobalSection
	GlobalSection(ProjectConfigurationPlatforms) = postSolution
		{F793BF44-B6AE-4221-B35D-EE63480990A0}.Debug|Any CPU.ActiveCfg = Debug|Any CPU
		{F793BF44-B6AE-4221-B35D-EE63480990A0}.Debug|Any CPU.Build.0 = Debug|Any CPU
		{F793BF44-B6AE-4221-B35D-EE63480990A0}.Release|Any CPU.ActiveCfg = Release|Any CPU
		{F793BF44-B6AE-4221-B35D-EE63480990A0}.Release|Any CPU.Build.0 = Release|Any CPU
		{A60ABF47-F91E-4FB9-8C69-96FCE7D79720}.Debug|Any CPU.ActiveCfg = Debug|Any CPU
		{A60ABF47-F91E-4FB9-8C69-96FCE7D79720}.Debug|Any CPU.Build.0 = Debug|Any CPU
		{A60ABF47-F91E-4FB9-8C69-96FCE7D79720}.Release|Any CPU.ActiveCfg = Release|Any CPU
		{A60ABF47-F91E-4FB9-8C69-96FCE7D79720}.Release|Any CPU.Build.0 = Release|Any CPU
		{1EF7B9DD-F08F-4834-BA87-16CE2FD826FE}.Debug|Any CPU.ActiveCfg = Debug|Any CPU
		{1EF7B9DD-F08F-4834-BA87-16CE2FD826FE}.Debug|Any CPU.Build.0 = Debug|Any CPU
		{1EF7B9DD-F08F-4834-BA87-16CE2FD826FE}.Release|Any CPU.ActiveCfg = Release|Any CPU
		{1EF7B9DD-F08F-4834-BA87-16CE2FD826FE}.Release|Any CPU.Build.0 = Release|Any CPU
	EndGlobalSection
	GlobalSection(SolutionProperties) = preSolution
		HideSolutionNode = FALSE
	EndGlobalSection
EndGlobal
